// !$*UTF8*$!
{
	archiveVersion = 1;
	classes = {
	};
	objectVersion = 50;
	objects = {

/* Begin PBXBuildFile section */
		3F479AB8238D153300BBECF0 /* AppDelegate.m in Sources */ = {isa = PBXBuildFile; fileRef = 3F479AB7238D153300BBECF0 /* AppDelegate.m */; };
		3F479ABB238D153300BBECF0 /* SceneDelegate.m in Sources */ = {isa = PBXBuildFile; fileRef = 3F479ABA238D153300BBECF0 /* SceneDelegate.m */; };
		3F479ABE238D153300BBECF0 /* ViewController.m in Sources */ = {isa = PBXBuildFile; fileRef = 3F479ABD238D153300BBECF0 /* ViewController.m */; };
		3F479AC1238D153300BBECF0 /* Main.storyboard in Resources */ = {isa = PBXBuildFile; fileRef = 3F479ABF238D153300BBECF0 /* Main.storyboard */; };
		3F479AC3238D153400BBECF0 /* Assets.xcassets in Resources */ = {isa = PBXBuildFile; fileRef = 3F479AC2238D153400BBECF0 /* Assets.xcassets */; };
		3F479AC6238D153400BBECF0 /* LaunchScreen.storyboard in Resources */ = {isa = PBXBuildFile; fileRef = 3F479AC4238D153400BBECF0 /* LaunchScreen.storyboard */; };
		3F479AC9238D153400BBECF0 /* main.m in Sources */ = {isa = PBXBuildFile; fileRef = 3F479AC8238D153400BBECF0 /* main.m */; };
		3F479AD1238D28B900BBECF0 /* SecondViewController.m in Sources */ = {isa = PBXBuildFile; fileRef = 3F479AD0238D28B900BBECF0 /* SecondViewController.m */; };
/* End PBXBuildFile section */

/* Begin PBXFileReference section */
		3F479AB3238D153300BBECF0 /* SeconD.app */ = {isa = PBXFileReference; explicitFileType = wrapper.application; includeInIndex = 0; path = SeconD.app; sourceTree = BUILT_PRODUCTS_DIR; };
		3F479AB6238D153300BBECF0 /* AppDelegate.h */ = {isa = PBXFileReference; lastKnownFileType = sourcecode.c.h; path = AppDelegate.h; sourceTree = "<group>"; };
		3F479AB7238D153300BBECF0 /* AppDelegate.m */ = {isa = PBXFileReference; lastKnownFileType = sourcecode.c.objc; path = AppDelegate.m; sourceTree = "<group>"; };
		3F479AB9238D153300BBECF0 /* SceneDelegate.h */ = {isa = PBXFileReference; lastKnownFileType = sourcecode.c.h; path = SceneDelegate.h; sourceTree = "<group>"; };
		3F479ABA238D153300BBECF0 /* SceneDelegate.m */ = {isa = PBXFileReference; lastKnownFileType = sourcecode.c.objc; path = SceneDelegate.m; sourceTree = "<group>"; };
		3F479ABC238D153300BBECF0 /* ViewController.h */ = {isa = PBXFileReference; lastKnownFileType = sourcecode.c.h; path = ViewController.h; sourceTree = "<group>"; };
		3F479ABD238D153300BBECF0 /* ViewController.m */ = {isa = PBXFileReference; lastKnownFileType = sourcecode.c.objc; path = ViewController.m; sourceTree = "<group>"; };
		3F479AC0238D153300BBECF0 /* Base */ = {isa = PBXFileReference; lastKnownFileType = file.storyboard; name = Base; path = Base.lproj/Main.storyboard; sourceTree = "<group>"; };
		3F479AC2238D153400BBECF0 /* Assets.xcassets */ = {isa = PBXFileReference; lastKnownFileType = folder.assetcatalog; path = Assets.xcassets; sourceTree = "<group>"; };
		3F479AC5238D153400BBECF0 /* Base */ = {isa = PBXFileReference; lastKnownFileType = file.storyboard; name = Base; path = Base.lproj/LaunchScreen.storyboard; sourceTree = "<group>"; };
		3F479AC7238D153400BBECF0 /* Info.plist */ = {isa = PBXFileReference; lastKnownFileType = text.plist.xml; path = Info.plist; sourceTree = "<group>"; };
		3F479AC8238D153400BBECF0 /* main.m */ = {isa = PBXFileReference; lastKnownFileType = sourcecode.c.objc; path = main.m; sourceTree = "<group>"; };
		3F479ACF238D28B900BBECF0 /* SecondViewController.h */ = {isa = PBXFileReference; lastKnownFileType = sourcecode.c.h; path = SecondViewController.h; sourceTree = "<group>"; };
		3F479AD0238D28B900BBECF0 /* SecondViewController.m */ = {isa = PBXFileReference; lastKnownFileType = sourcecode.c.objc; path = SecondViewController.m; sourceTree = "<group>"; };
/* End PBXFileReference section */

/* Begin PBXFrameworksBuildPhase section */
		3F479AB0238D153300BBECF0 /* Frameworks */ = {
			isa = PBXFrameworksBuildPhase;
			buildActionMask = 2147483647;
			files = (
			);
			runOnlyForDeploymentPostprocessing = 0;
		};
/* End PBXFrameworksBuildPhase section */

/* Begin PBXGroup section */
		3F479AAA238D153300BBECF0 = {
			isa = PBXGroup;
			children = (
				3F479AB5238D153300BBECF0 /* SeconD */,
				3F479AB4238D153300BBECF0 /* Products */,
			);
			sourceTree = "<group>";
		};
		3F479AB4238D153300BBECF0 /* Products */ = {
			isa = PBXGroup;
			children = (
				3F479AB3238D153300BBECF0 /* SeconD.app */,
			);
			name = Products;
			sourceTree = "<group>";
		};
		3F479AB5238D153300BBECF0 /* SeconD */ = {
			isa = PBXGroup;
			children = (
				3F479AB6238D153300BBECF0 /* AppDelegate.h */,
				3F479AB7238D153300BBECF0 /* AppDelegate.m */,
				3F479AB9238D153300BBECF0 /* SceneDelegate.h */,
				3F479ABA238D153300BBECF0 /* SceneDelegate.m */,
				3F479ABC238D153300BBECF0 /* ViewController.h */,
				3F479ABD238D153300BBECF0 /* ViewController.m */,
				3F479ABF238D153300BBECF0 /* Main.storyboard */,
				3F479ACF238D28B900BBECF0 /* SecondViewController.h */,
				3F479AD0238D28B900BBECF0 /* SecondViewController.m */,
				3F479AC2238D153400BBECF0 /* Assets.xcassets */,
				3F479AC4238D153400BBECF0 /* LaunchScreen.storyboard */,
				3F479AC7238D153400BBECF0 /* Info.plist */,
				3F479AC8238D153400BBECF0 /* main.m */,
			);
			path = SeconD;
			sourceTree = "<group>";
		};
/* End PBXGroup section */

/* Begin PBXNativeTarget section */
		3F479AB2238D153300BBECF0 /* SeconD */ = {
			isa = PBXNativeTarget;
			buildConfigurationList = 3F479ACC238D153400BBECF0 /* Build configuration list for PBXNativeTarget "SeconD" */;
			buildPhases = (
				3F479AAF238D153300BBECF0 /* Sources */,
				3F479AB0238D153300BBECF0 /* Frameworks */,
				3F479AB1238D153300BBECF0 /* Resources */,
			);
			buildRules = (
			);
			dependencies = (
			);
			name = SeconD;
			productName = SeconD;
			productReference = 3F479AB3238D153300BBECF0 /* SeconD.app */;
			productType = "com.apple.product-type.application";
		};
/* End PBXNativeTarget section */

/* Begin PBXProject section */
		3F479AAB238D153300BBECF0 /* Project object */ = {
			isa = PBXProject;
			attributes = {
				LastUpgradeCheck = 1100;
				ORGANIZATIONNAME = "Pogromist LTD";
				TargetAttributes = {
					3F479AB2238D153300BBECF0 = {
						CreatedOnToolsVersion = 11.0;
					};
				};
			};
			buildConfigurationList = 3F479AAE238D153300BBECF0 /* Build configuration list for PBXProject "SeconD" */;
			compatibilityVersion = "Xcode 9.3";
			developmentRegion = en;
			hasScannedForEncodings = 0;
			knownRegions = (
				en,
				Base,
			);
			mainGroup = 3F479AAA238D153300BBECF0;
			productRefGroup = 3F479AB4238D153300BBECF0 /* Products */;
			projectDirPath = "";
			projectRoot = "";
			targets = (
				3F479AB2238D153300BBECF0 /* SeconD */,
			);
		};
/* End PBXProject section */

/* Begin PBXResourcesBuildPhase section */
		3F479AB1238D153300BBECF0 /* Resources */ = {
			isa = PBXResourcesBuildPhase;
			buildActionMask = 2147483647;
			files = (
				3F479AC6238D153400BBECF0 /* LaunchScreen.storyboard in Resources */,
				3F479AC3238D153400BBECF0 /* Assets.xcassets in Resources */,
				3F479AC1238D153300BBECF0 /* Main.storyboard in Resources */,
			);
			runOnlyForDeploymentPostprocessing = 0;
		};
/* End PBXResourcesBuildPhase section */

/* Begin PBXSourcesBuildPhase section */
		3F479AAF238D153300BBECF0 /* Sources */ = {
			isa = PBXSourcesBuildPhase;
			buildActionMask = 2147483647;
			files = (
				3F479AD1238D28B900BBECF0 /* SecondViewController.m in Sources */,
				3F479ABE238D153300BBECF0 /* ViewController.m in Sources */,
				3F479AB8238D153300BBECF0 /* AppDelegate.m in Sources */,
				3F479AC9238D153400BBECF0 /* main.m in Sources */,
				3F479ABB238D153300BBECF0 /* SceneDelegate.m in Sources */,
			);
			runOnlyForDeploymentPostprocessing = 0;
		};
/* End PBXSourcesBuildPhase section */

/* Begin PBXVariantGroup section */
		3F479ABF238D153300BBECF0 /* Main.storyboard */ = {
			isa = PBXVariantGroup;
			children = (
				3F479AC0238D153300BBECF0 /* Base */,
			);
			name = Main.storyboard;
			sourceTree = "<group>";
		};
		3F479AC4238D153400BBECF0 /* LaunchScreen.storyboard */ = {
			isa = PBXVariantGroup;
			children = (
				3F479AC5238D153400BBECF0 /* Base */,
			);
			name = LaunchScreen.storyboard;
			sourceTree = "<group>";
		};
/* End PBXVariantGroup section */

/* Begin XCBuildConfiguration section */
		3F479ACA238D153400BBECF0 /* Debug */ = {
			isa = XCBuildConfiguration;
			buildSettings = {
				ALWAYS_SEARCH_USER_PATHS = NO;
				CLANG_ANALYZER_NONNULL = YES;
				CLANG_ANALYZER_NUMBER_OBJECT_CONVERSION = YES_AGGRESSIVE;
				CLANG_CXX_LANGUAGE_STANDARD = "gnu++14";
				CLANG_CXX_LIBRARY = "libc++";
				CLANG_ENABLE_MODULES = YES;
				CLANG_ENABLE_OBJC_ARC = YES;
				CLANG_ENABLE_OBJC_WEAK = YES;
				CLANG_WARN_BLOCK_CAPTURE_AUTORELEASING = YES;
				CLANG_WARN_BOOL_CONVERSION = YES;
				CLANG_WARN_COMMA = YES;
				CLANG_WARN_CONSTANT_CONVERSION = YES;
				CLANG_WARN_DEPRECATED_OBJC_IMPLEMENTATIONS = YES;
				CLANG_WARN_DIRECT_OBJC_ISA_USAGE = YES_ERROR;
				CLANG_WARN_DOCUMENTATION_COMMENTS = YES;
				CLANG_WARN_EMPTY_BODY = YES;
				CLANG_WARN_ENUM_CONVERSION = YES;
				CLANG_WARN_INFINITE_RECURSION = YES;
				CLANG_WARN_INT_CONVERSION = YES;
				CLANG_WARN_NON_LITERAL_NULL_CONVERSION = YES;
				CLANG_WARN_OBJC_IMPLICIT_RETAIN_SELF = YES;
				CLANG_WARN_OBJC_LITERAL_CONVERSION = YES;
				CLANG_WARN_OBJC_ROOT_CLASS = YES_ERROR;
				CLANG_WARN_RANGE_LOOP_ANALYSIS = YES;
				CLANG_WARN_STRICT_PROTOTYPES = YES;
				CLANG_WARN_SUSPICIOUS_MOVE = YES;
				CLANG_WARN_UNGUARDED_AVAILABILITY = YES_AGGRESSIVE;
				CLANG_WARN_UNREACHABLE_CODE = YES;
				CLANG_WARN__DUPLICATE_METHOD_MATCH = YES;
				COPY_PHASE_STRIP = NO;
				DEBUG_INFORMATION_FORMAT = dwarf;
				ENABLE_STRICT_OBJC_MSGSEND = YES;
				ENABLE_TESTABILITY = YES;
				GCC_C_LANGUAGE_STANDARD = gnu11;
				GCC_DYNAMIC_NO_PIC = NO;
				GCC_NO_COMMON_BLOCKS = YES;
				GCC_OPTIMIZATION_LEVEL = 0;
				GCC_PREPROCESSOR_DEFINITIONS = (
					"DEBUG=1",
					"$(inherited)",
				);
				GCC_WARN_64_TO_32_BIT_CONVERSION = YES;
				GCC_WARN_ABOUT_RETURN_TYPE = YES_ERROR;
				GCC_WARN_UNDECLARED_SELECTOR = YES;
				GCC_WARN_UNINITIALIZED_AUTOS = YES_AGGRESSIVE;
				GCC_WARN_UNUSED_FUNCTION = YES;
				GCC_WARN_UNUSED_VARIABLE = YES;
				IPHONEOS_DEPLOYMENT_TARGET = 13.0;
				MTL_ENABLE_DEBUG_INFO = INCLUDE_SOURCE;
				MTL_FAST_MATH = YES;
				ONLY_ACTIVE_ARCH = YES;
				SDKROOT = iphoneos;
			};
			name = Debug;
		};
		3F479ACB238D153400BBECF0 /* Release */ = {
			isa = XCBuildConfiguration;
			buildSettings = {
				ALWAYS_SEARCH_USER_PATHS = NO;
				CLANG_ANALYZER_NONNULL = YES;
				CLANG_ANALYZER_NUMBER_OBJECT_CONVERSION = YES_AGGRESSIVE;
				CLANG_CXX_LANGUAGE_STANDARD = "gnu++14";
				CLANG_CXX_LIBRARY = "libc++";
				CLANG_ENABLE_MODULES = YES;
				CLANG_ENABLE_OBJC_ARC = YES;
				CLANG_ENABLE_OBJC_WEAK = YES;
				CLANG_WARN_BLOCK_CAPTURE_AUTORELEASING = YES;
				CLANG_WARN_BOOL_CONVERSION = YES;
				CLANG_WARN_COMMA = YES;
				CLANG_WARN_CONSTANT_CONVERSION = YES;
				CLANG_WARN_DEPRECATED_OBJC_IMPLEMENTATIONS = YES;
				CLANG_WARN_DIRECT_OBJC_ISA_USAGE = YES_ERROR;
				CLANG_WARN_DOCUMENTATION_COMMENTS = YES;
				CLANG_WARN_EMPTY_BODY = YES;
				CLANG_WARN_ENUM_CONVERSION = YES;
				CLANG_WARN_INFINITE_RECURSION = YES;
				CLANG_WARN_INT_CONVERSION = YES;
				CLANG_WARN_NON_LITERAL_NULL_CONVERSION = YES;
				CLANG_WARN_OBJC_IMPLICIT_RETAIN_SELF = YES;
				CLANG_WARN_OBJC_LITERAL_CONVERSION = YES;
				CLANG_WARN_OBJC_ROOT_CLASS = YES_ERROR;
				CLANG_WARN_RANGE_LOOP_ANALYSIS = YES;
				CLANG_WARN_STRICT_PROTOTYPES = YES;
				CLANG_WARN_SUSPICIOUS_MOVE = YES;
				CLANG_WARN_UNGUARDED_AVAILABILITY = YES_AGGRESSIVE;
				CLANG_WARN_UNREACHABLE_CODE = YES;
				CLANG_WARN__DUPLICATE_METHOD_MATCH = YES;
				COPY_PHASE_STRIP = NO;
				DEBUG_INFORMATION_FORMAT = "dwarf-with-dsym";
				ENABLE_NS_ASSERTIONS = NO;
				ENABLE_STRICT_OBJC_MSGSEND = YES;
				GCC_C_LANGUAGE_STANDARD = gnu11;
				GCC_NO_COMMON_BLOCKS = YES;
				GCC_WARN_64_TO_32_BIT_CONVERSION = YES;
				GCC_WARN_ABOUT_RETURN_TYPE = YES_ERROR;
				GCC_WARN_UNDECLARED_SELECTOR = YES;
				GCC_WARN_UNINITIALIZED_AUTOS = YES_AGGRESSIVE;
				GCC_WARN_UNUSED_FUNCTION = YES;
				GCC_WARN_UNUSED_VARIABLE = YES;
				IPHONEOS_DEPLOYMENT_TARGET = 13.0;
				MTL_ENABLE_DEBUG_INFO = NO;
				MTL_FAST_MATH = YES;
				SDKROOT = iphoneos;
				VALIDATE_PRODUCT = YES;
			};
			name = Release;
		};
		3F479ACD238D153400BBECF0 /* Debug */ = {
			isa = XCBuildConfiguration;
			buildSettings = {
				ASSETCATALOG_COMPILER_APPICON_NAME = AppIcon;
				CODE_SIGN_STYLE = Automatic;
				INFOPLIST_FILE = SeconD/Info.plist;
				LD_RUNPATH_SEARCH_PATHS = (
					"$(inherited)",
					"@executable_path/Frameworks",
				);
				PRODUCT_BUNDLE_IDENTIFIER = ru.pogrom.SeconD;
				PRODUCT_NAME = "$(TARGET_NAME)";
				TARGETED_DEVICE_FAMILY = "1,2";
			};
			name = Debug;
		};
		3F479ACE238D153400BBECF0 /* Release */ = {
			isa = XCBuildConfiguration;
			buildSettings = {
				ASSETCATALOG_COMPILER_APPICON_NAME = AppIcon;
				CODE_SIGN_STYLE = Automatic;
				INFOPLIST_FILE = SeconD/Info.plist;
				LD_RUNPATH_SEARCH_PATHS = (
					"$(inherited)",
					"@executable_path/Frameworks",
				);
				PRODUCT_BUNDLE_IDENTIFIER = ru.pogrom.SeconD;
				PRODUCT_NAME = "$(TARGET_NAME)";
				TARGETED_DEVICE_FAMILY = "1,2";
			};
			name = Release;
		};
/* End XCBuildConfiguration section */

/* Begin XCConfigurationList section */
		3F479AAE238D153300BBECF0 /* Build configuration list for PBXProject "SeconD" */ = {
			isa = XCConfigurationList;
			buildConfigurations = (
				3F479ACA238D153400BBECF0 /* Debug */,
				3F479ACB238D153400BBECF0 /* Release */,
			);
			defaultConfigurationIsVisible = 0;
			defaultConfigurationName = Release;
		};
		3F479ACC238D153400BBECF0 /* Build configuration list for PBXNativeTarget "SeconD" */ = {
			isa = XCConfigurationList;
			buildConfigurations = (
				3F479ACD238D153400BBECF0 /* Debug */,
				3F479ACE238D153400BBECF0 /* Release */,
			);
			defaultConfigurationIsVisible = 0;
			defaultConfigurationName = Release;
		};
/* End XCConfigurationList section */
	};
	rootObject = 3F479AAB238D153300BBECF0 /* Project object */;
}
